
Microsoft Visual Studio Solution File, Format Version 12.00
# Visual Studio Version 17
VisualStudioVersion = 17.14.36623.8
MinimumVisualStudioVersion = 10.0.40219.1
Project("{FAE04EC0-301F-11D3-BF4B-00C04F79EFBC}") = "BlazorCookbook.App", "BlazorCookbook.App\BlazorCookbook.App\BlazorCookbook.App.csproj", "{1A898A13-ED1F-451D-88D9-1EB8C495FEA9}"
EndProject
Project("{FAE04EC0-301F-11D3-BF4B-00C04F79EFBC}") = "BlazorCookbook.App.Client", "BlazorCookbook.App\BlazorCookbook.App.Client\BlazorCookbook.App.Client.csproj", "{D8497444-3EDC-41FC-8EEA-AB874D6F17BB}"
EndProject
Global
	GlobalSection(SolutionConfigurationPlatforms) = preSolution
		Debug|Any CPU = Debug|Any CPU
		Release|Any CPU = Release|Any CPU
	EndGlobalSection
	GlobalSection(ProjectConfigurationPlatforms) = postSolution
		{1A898A13-ED1F-451D-88D9-1EB8C495FEA9}.Debug|Any CPU.ActiveCfg = Debug|Any CPU
		{1A898A13-ED1F-451D-88D9-1EB8C495FEA9}.Debug|Any CPU.Build.0 = Debug|Any CPU
		{1A898A13-ED1F-451D-88D9-1EB8C495FEA9}.Release|Any CPU.ActiveCfg = Release|Any CPU
		{1A898A13-ED1F-451D-88D9-1EB8C495FEA9}.Release|Any CPU.Build.0 = Release|Any CPU
		{D8497444-3EDC-41FC-8EEA-AB874D6F17BB}.Debug|Any CPU.ActiveCfg = Debug|Any CPU
		{D8497444-3EDC-41FC-8EEA-AB874D6F17BB}.Debug|Any CPU.Build.0 = Debug|Any CPU
		{D8497444-3EDC-41FC-8EEA-AB874D6F17BB}.Release|Any CPU.ActiveCfg = Release|Any CPU
		{D8497444-3EDC-41FC-8EEA-AB874D6F17BB}.Release|Any CPU.Build.0 = Release|Any CPU
	EndGlobalSection
	GlobalSection(SolutionProperties) = preSolution
		HideSolutionNode = FALSE
	EndGlobalSection
	GlobalSection(ExtensibilityGlobals) = postSolution
		SolutionGuid = {D62AF33F-0CAA-46AC-B273-70D7596C85D5}
	EndGlobalSection
EndGlobal
